
Microsoft Visual Studio Solution File, Format Version 12.00
# Visual Studio Version 16
VisualStudioVersion = 16.0.31129.286
MinimumVisualStudioVersion = 10.0.40219.1
Project("{FAE04EC0-301F-11D3-BF4B-00C04F79EFBC}") = "MathMagic", "MathMagic\MathMagic.csproj", "{62E6EC19-2D49-4000-9D19-53B127910CE7}"
EndProject
Global
	GlobalSection(SolutionConfigurationPlatforms) = preSolution
		Debug|Any CPU = Debug|Any CPU
		Release|Any CPU = Release|Any CPU
	EndGlobalSection
	GlobalSection(ProjectConfigurationPlatforms) = postSolution
		{62E6EC19-2D49-4000-9D19-53B127910CE7}.Debug|Any CPU.ActiveCfg = Debug|Any CPU
		{62E6EC19-2D49-4000-9D19-53B127910CE7}.Debug|Any CPU.Build.0 = Debug|Any CPU
		{62E6EC19-2D49-4000-9D19-53B127910CE7}.Release|Any CPU.ActiveCfg = Release|Any CPU
		{62E6EC19-2D49-4000-9D19-53B127910CE7}.Release|Any CPU.Build.0 = Release|Any CPU
	EndGlobalSection
	GlobalSection(SolutionProperties) = preSolution
		HideSolutionNode = FALSE
	EndGlobalSection
	GlobalSection(ExtensibilityGlobals) = postSolution
		SolutionGuid = {31B3BA5F-15FE-47F7-8EDD-FA07906C1BBB}
	EndGlobalSection
EndGlobal
